
Microsoft Visual Studio Solution File, Format Version 12.00
# Visual Studio Version 16
VisualStudioVersion = 16.0.31321.278
MinimumVisualStudioVersion = 10.0.40219.1
Project("{FAE04EC0-301F-11D3-BF4B-00C04F79EFBC}") = "TouchPrtSc", "TouchPrtSc.csproj", "{11C359C9-961C-4CCD-B5FF-B3AA8823A2F2}"
EndProject
Global
	GlobalSection(SolutionConfigurationPlatforms) = preSolution
		Debug|Any CPU = Debug|Any CPU
		Release|Any CPU = Release|Any CPU
	EndGlobalSection
	GlobalSection(ProjectConfigurationPlatforms) = postSolution
		{11C359C9-961C-4CCD-B5FF-B3AA8823A2F2}.Debug|Any CPU.ActiveCfg = Debug|Any CPU
		{11C359C9-961C-4CCD-B5FF-B3AA8823A2F2}.Debug|Any CPU.Build.0 = Debug|Any CPU
		{11C359C9-961C-4CCD-B5FF-B3AA8823A2F2}.Release|Any CPU.ActiveCfg = Release|Any CPU
		{11C359C9-961C-4CCD-B5FF-B3AA8823A2F2}.Release|Any CPU.Build.0 = Release|Any CPU
	EndGlobalSection
	GlobalSection(SolutionProperties) = preSolution
		HideSolutionNode = FALSE
	EndGlobalSection
	GlobalSection(ExtensibilityGlobals) = postSolution
		SolutionGuid = {0187755D-4207-4454-9A57-7821FC8AA998}
	EndGlobalSection
EndGlobal
